
Microsoft Visual Studio Solution File, Format Version 12.00
# Visual Studio Version 16
VisualStudioVersion = 16.0.29209.152
MinimumVisualStudioVersion = 10.0.40219.1
Project("{9A19103F-16F7-4668-BE54-9A1E7A4F7556}") = "BlazorCRUDApp.Server", "BlazorCRUDApp\Server\BlazorCRUDApp.Server.csproj", "{D8FD6743-7E34-424D-988C-CB0886FA3277}"
EndProject
Project("{9A19103F-16F7-4668-BE54-9A1E7A4F7556}") = "BlazorCRUDApp.Client", "BlazorCRUDApp\Client\BlazorCRUDApp.Client.csproj", "{C1C09761-EFFC-490C-9256-CC8EBD50B6D7}"
EndProject
Project("{9A19103F-16F7-4668-BE54-9A1E7A4F7556}") = "BlazorCRUDApp.Shared", "BlazorCRUDApp\Shared\BlazorCRUDApp.Shared.csproj", "{70F8C46D-3E44-46D3-B341-1C5D5DE202F8}"
EndProject
Project("{FAE04EC0-301F-11D3-BF4B-00C04F79EFBC}") = "WebApplication1", "WebApplication1\WebApplication1.csproj", "{6A9C75F1-1BAD-49B0-9CD5-D7CAE3AB0293}"
EndProject
Global
	GlobalSection(SolutionConfigurationPlatforms) = preSolution
		Debug|Any CPU = Debug|Any CPU
		Release|Any CPU = Release|Any CPU
	EndGlobalSection
	GlobalSection(ProjectConfigurationPlatforms) = postSolution
		{D8FD6743-7E34-424D-988C-CB0886FA3277}.Debug|Any CPU.ActiveCfg = Debug|Any CPU
		{D8FD6743-7E34-424D-988C-CB0886FA3277}.Debug|Any CPU.Build.0 = Debug|Any CPU
		{D8FD6743-7E34-424D-988C-CB0886FA3277}.Release|Any CPU.ActiveCfg = Release|Any CPU
		{D8FD6743-7E34-424D-988C-CB0886FA3277}.Release|Any CPU.Build.0 = Release|Any CPU
		{C1C09761-EFFC-490C-9256-CC8EBD50B6D7}.Debug|Any CPU.ActiveCfg = Debug|Any CPU
		{C1C09761-EFFC-490C-9256-CC8EBD50B6D7}.Debug|Any CPU.Build.0 = Debug|Any CPU
		{C1C09761-EFFC-490C-9256-CC8EBD50B6D7}.Release|Any CPU.ActiveCfg = Release|Any CPU
		{C1C09761-EFFC-490C-9256-CC8EBD50B6D7}.Release|Any CPU.Build.0 = Release|Any CPU
		{70F8C46D-3E44-46D3-B341-1C5D5DE202F8}.Debug|Any CPU.ActiveCfg = Debug|Any CPU
		{70F8C46D-3E44-46D3-B341-1C5D5DE202F8}.Debug|Any CPU.Build.0 = Debug|Any CPU
		{70F8C46D-3E44-46D3-B341-1C5D5DE202F8}.Release|Any CPU.ActiveCfg = Release|Any CPU
		{70F8C46D-3E44-46D3-B341-1C5D5DE202F8}.Release|Any CPU.Build.0 = Release|Any CPU
		{6A9C75F1-1BAD-49B0-9CD5-D7CAE3AB0293}.Debug|Any CPU.ActiveCfg = Debug|Any CPU
		{6A9C75F1-1BAD-49B0-9CD5-D7CAE3AB0293}.Debug|Any CPU.Build.0 = Debug|Any CPU
		{6A9C75F1-1BAD-49B0-9CD5-D7CAE3AB0293}.Release|Any CPU.ActiveCfg = Release|Any CPU
		{6A9C75F1-1BAD-49B0-9CD5-D7CAE3AB0293}.Release|Any CPU.Build.0 = Release|Any CPU
	EndGlobalSection
	GlobalSection(SolutionProperties) = preSolution
		HideSolutionNode = FALSE
	EndGlobalSection
	GlobalSection(ExtensibilityGlobals) = postSolution
		SolutionGuid = {06279CCD-8C0E-4623-A683-A2A0ECCB3DCC}
	EndGlobalSection
EndGlobal
